// !$*UTF8*$!
{
	archiveVersion = 1;
	classes = {
	};
	objectVersion = 46;
	objects = {

/* Begin PBXBuildFile section */
		98109D1D1CAC522600BBE938 /* GameListView.swift in Sources */ = {isa = PBXBuildFile; fileRef = 98109D1C1CAC522600BBE938 /* GameListView.swift */; };
		983F38821CACBD4700D23BB7 /* GameListController.swift in Sources */ = {isa = PBXBuildFile; fileRef = 983F38811CACBD4700D23BB7 /* GameListController.swift */; };
		9872707B1CA5042E00D09DAF /* NotificationController.swift in Sources */ = {isa = PBXBuildFile; fileRef = 9872707A1CA5042E00D09DAF /* NotificationController.swift */; };
		9872707D1CA50BDE00D09DAF /* NotificationView.swift in Sources */ = {isa = PBXBuildFile; fileRef = 9872707C1CA50BDE00D09DAF /* NotificationView.swift */; };
		987924591CB1B72E00BAC3B2 /* NetworkController.swift in Sources */ = {isa = PBXBuildFile; fileRef = 987924581CB1B72E00BAC3B2 /* NetworkController.swift */; };
		9879245B1CB1B79300BAC3B2 /* Network.swift in Sources */ = {isa = PBXBuildFile; fileRef = 9879245A1CB1B79300BAC3B2 /* Network.swift */; };
		987D4ADD1C9E17F0007C4F58 /* Ship.swift in Sources */ = {isa = PBXBuildFile; fileRef = 987D4ADC1C9E17F0007C4F58 /* Ship.swift */; };
		987D4ADF1C9E494B007C4F58 /* Direction.swift in Sources */ = {isa = PBXBuildFile; fileRef = 987D4ADE1C9E494B007C4F58 /* Direction.swift */; };
		987D4AE11C9E4974007C4F58 /* Coordinate.swift in Sources */ = {isa = PBXBuildFile; fileRef = 987D4AE01C9E4974007C4F58 /* Coordinate.swift */; };
		987D4AE31C9E4A0E007C4F58 /* ShipCoordState.swift in Sources */ = {isa = PBXBuildFile; fileRef = 987D4AE21C9E4A0E007C4F58 /* ShipCoordState.swift */; };
		98969C0C1CA5B9A10049498A /* GameList.swift in Sources */ = {isa = PBXBuildFile; fileRef = 98969C0B1CA5B9A10049498A /* GameList.swift */; };
		98AF8D081CA0B50800B80F53 /* WhosTurn.swift in Sources */ = {isa = PBXBuildFile; fileRef = 98AF8D071CA0B50800B80F53 /* WhosTurn.swift */; };
		98AF8D0A1CA0B5F000B80F53 /* GridState.swift in Sources */ = {isa = PBXBuildFile; fileRef = 98AF8D091CA0B5F000B80F53 /* GridState.swift */; };
		98AF8D0C1CA0B7A800B80F53 /* Default-568h@2x.png in Resources */ = {isa = PBXBuildFile; fileRef = 98AF8D0B1CA0B7A800B80F53 /* Default-568h@2x.png */; };
		98AF8D0E1CA0F45900B80F53 /* GameCell.swift in Sources */ = {isa = PBXBuildFile; fileRef = 98AF8D0D1CA0F45900B80F53 /* GameCell.swift */; };
		98CD0BEA1C9F7B9C0084DD5F /* GameView.swift in Sources */ = {isa = PBXBuildFile; fileRef = 98CD0BE91C9F7B9C0084DD5F /* GameView.swift */; };
		98F7962A1C9FB7B9001D7208 /* GameViewController.swift in Sources */ = {isa = PBXBuildFile; fileRef = 98F796291C9FB7B9001D7208 /* GameViewController.swift */; };
		F221B53B1C98B11300379E55 /* AppDelegate.swift in Sources */ = {isa = PBXBuildFile; fileRef = F221B53A1C98B11300379E55 /* AppDelegate.swift */; };
		F221B53D1C98B11300379E55 /* ViewController.swift in Sources */ = {isa = PBXBuildFile; fileRef = F221B53C1C98B11300379E55 /* ViewController.swift */; };
		F221B5421C98B11300379E55 /* Assets.xcassets in Resources */ = {isa = PBXBuildFile; fileRef = F221B5411C98B11300379E55 /* Assets.xcassets */; };
		F221B5501C98B1CB00379E55 /* Game.swift in Sources */ = {isa = PBXBuildFile; fileRef = F221B54F1C98B1CB00379E55 /* Game.swift */; };
		F221B5521C98B67800379E55 /* Player.swift in Sources */ = {isa = PBXBuildFile; fileRef = F221B5511C98B67800379E55 /* Player.swift */; };
/* End PBXBuildFile section */

/* Begin PBXFileReference section */
		98109D1C1CAC522600BBE938 /* GameListView.swift */ = {isa = PBXFileReference; fileEncoding = 4; lastKnownFileType = sourcecode.swift; path = GameListView.swift; sourceTree = "<group>"; };
		983F38811CACBD4700D23BB7 /* GameListController.swift */ = {isa = PBXFileReference; fileEncoding = 4; lastKnownFileType = sourcecode.swift; path = GameListController.swift; sourceTree = "<group>"; };
		9872707A1CA5042E00D09DAF /* NotificationController.swift */ = {isa = PBXFileReference; fileEncoding = 4; lastKnownFileType = sourcecode.swift; path = NotificationController.swift; sourceTree = "<group>"; };
		9872707C1CA50BDE00D09DAF /* NotificationView.swift */ = {isa = PBXFileReference; fileEncoding = 4; lastKnownFileType = sourcecode.swift; path = NotificationView.swift; sourceTree = "<group>"; };
		987924581CB1B72E00BAC3B2 /* NetworkController.swift */ = {isa = PBXFileReference; fileEncoding = 4; lastKnownFileType = sourcecode.swift; path = NetworkController.swift; sourceTree = "<group>"; };
		9879245A1CB1B79300BAC3B2 /* Network.swift */ = {isa = PBXFileReference; fileEncoding = 4; lastKnownFileType = sourcecode.swift; path = Network.swift; sourceTree = "<group>"; };
		987D4ADC1C9E17F0007C4F58 /* Ship.swift */ = {isa = PBXFileReference; fileEncoding = 4; lastKnownFileType = sourcecode.swift; path = Ship.swift; sourceTree = "<group>"; };
		987D4ADE1C9E494B007C4F58 /* Direction.swift */ = {isa = PBXFileReference; fileEncoding = 4; lastKnownFileType = sourcecode.swift; path = Direction.swift; sourceTree = "<group>"; };
		987D4AE01C9E4974007C4F58 /* Coordinate.swift */ = {isa = PBXFileReference; fileEncoding = 4; lastKnownFileType = sourcecode.swift; path = Coordinate.swift; sourceTree = "<group>"; };
		987D4AE21C9E4A0E007C4F58 /* ShipCoordState.swift */ = {isa = PBXFileReference; fileEncoding = 4; lastKnownFileType = sourcecode.swift; path = ShipCoordState.swift; sourceTree = "<group>"; };
		98969C0B1CA5B9A10049498A /* GameList.swift */ = {isa = PBXFileReference; fileEncoding = 4; lastKnownFileType = sourcecode.swift; path = GameList.swift; sourceTree = "<group>"; };
		98AF8D071CA0B50800B80F53 /* WhosTurn.swift */ = {isa = PBXFileReference; fileEncoding = 4; lastKnownFileType = sourcecode.swift; path = WhosTurn.swift; sourceTree = "<group>"; };
		98AF8D091CA0B5F000B80F53 /* GridState.swift */ = {isa = PBXFileReference; fileEncoding = 4; lastKnownFileType = sourcecode.swift; path = GridState.swift; sourceTree = "<group>"; };
		98AF8D0B1CA0B7A800B80F53 /* Default-568h@2x.png */ = {isa = PBXFileReference; lastKnownFileType = image.png; path = "Default-568h@2x.png"; sourceTree = "<group>"; };
		98AF8D0D1CA0F45900B80F53 /* GameCell.swift */ = {isa = PBXFileReference; fileEncoding = 4; lastKnownFileType = sourcecode.swift; path = GameCell.swift; sourceTree = "<group>"; };
		98CD0BE91C9F7B9C0084DD5F /* GameView.swift */ = {isa = PBXFileReference; fileEncoding = 4; lastKnownFileType = sourcecode.swift; path = GameView.swift; sourceTree = "<group>"; };
		98F796291C9FB7B9001D7208 /* GameViewController.swift */ = {isa = PBXFileReference; fileEncoding = 4; lastKnownFileType = sourcecode.swift; path = GameViewController.swift; sourceTree = "<group>"; };
		F221B5371C98B11300379E55 /* battleship.app */ = {isa = PBXFileReference; explicitFileType = wrapper.application; includeInIndex = 0; path = battleship.app; sourceTree = BUILT_PRODUCTS_DIR; };
		F221B53A1C98B11300379E55 /* AppDelegate.swift */ = {isa = PBXFileReference; lastKnownFileType = sourcecode.swift; path = AppDelegate.swift; sourceTree = "<group>"; };
		F221B53C1C98B11300379E55 /* ViewController.swift */ = {isa = PBXFileReference; lastKnownFileType = sourcecode.swift; path = ViewController.swift; sourceTree = "<group>"; };
		F221B5411C98B11300379E55 /* Assets.xcassets */ = {isa = PBXFileReference; lastKnownFileType = folder.assetcatalog; path = Assets.xcassets; sourceTree = "<group>"; };
		F221B5461C98B11300379E55 /* Info.plist */ = {isa = PBXFileReference; lastKnownFileType = text.plist.xml; path = Info.plist; sourceTree = "<group>"; };
		F221B54F1C98B1CB00379E55 /* Game.swift */ = {isa = PBXFileReference; fileEncoding = 4; lastKnownFileType = sourcecode.swift; path = Game.swift; sourceTree = "<group>"; };
		F221B5511C98B67800379E55 /* Player.swift */ = {isa = PBXFileReference; fileEncoding = 4; lastKnownFileType = sourcecode.swift; path = Player.swift; sourceTree = "<group>"; };
/* End PBXFileReference section */

/* Begin PBXFrameworksBuildPhase section */
		F221B5341C98B11300379E55 /* Frameworks */ = {
			isa = PBXFrameworksBuildPhase;
			buildActionMask = 2147483647;
			files = (
			);
			runOnlyForDeploymentPostprocessing = 0;
		};
/* End PBXFrameworksBuildPhase section */

/* Begin PBXGroup section */
		98CD0BE51C9F71BA0084DD5F /* Controller */ = {
			isa = PBXGroup;
			children = (
				98F796291C9FB7B9001D7208 /* GameViewController.swift */,
				9872707A1CA5042E00D09DAF /* NotificationController.swift */,
				983F38811CACBD4700D23BB7 /* GameListController.swift */,
				987924581CB1B72E00BAC3B2 /* NetworkController.swift */,
			);
			name = Controller;
			sourceTree = "<group>";
		};
		98CD0BE61C9F71C60084DD5F /* View */ = {
			isa = PBXGroup;
			children = (
				98CD0BE91C9F7B9C0084DD5F /* GameView.swift */,
				98AF8D0D1CA0F45900B80F53 /* GameCell.swift */,
				9872707C1CA50BDE00D09DAF /* NotificationView.swift */,
				98109D1C1CAC522600BBE938 /* GameListView.swift */,
			);
			name = View;
			sourceTree = "<group>";
		};
		F221B52E1C98B11300379E55 = {
			isa = PBXGroup;
			children = (
				98AF8D0B1CA0B7A800B80F53 /* Default-568h@2x.png */,
				F221B5391C98B11300379E55 /* battleship */,
				F221B5381C98B11300379E55 /* Products */,
			);
			sourceTree = "<group>";
		};
		F221B5381C98B11300379E55 /* Products */ = {
			isa = PBXGroup;
			children = (
				F221B5371C98B11300379E55 /* battleship.app */,
			);
			name = Products;
			sourceTree = "<group>";
		};
		F221B5391C98B11300379E55 /* battleship */ = {
			isa = PBXGroup;
			children = (
				98CD0BE61C9F71C60084DD5F /* View */,
				98CD0BE51C9F71BA0084DD5F /* Controller */,
				F221B54E1C98B19800379E55 /* Model */,
				F221B53A1C98B11300379E55 /* AppDelegate.swift */,
				F221B53C1C98B11300379E55 /* ViewController.swift */,
				F221B5411C98B11300379E55 /* Assets.xcassets */,
				F221B5461C98B11300379E55 /* Info.plist */,
			);
			path = battleship;
			sourceTree = "<group>";
		};
		F221B54E1C98B19800379E55 /* Model */ = {
			isa = PBXGroup;
			children = (
				F221B54F1C98B1CB00379E55 /* Game.swift */,
				F221B5511C98B67800379E55 /* Player.swift */,
				987D4ADC1C9E17F0007C4F58 /* Ship.swift */,
				987D4ADE1C9E494B007C4F58 /* Direction.swift */,
				987D4AE01C9E4974007C4F58 /* Coordinate.swift */,
				987D4AE21C9E4A0E007C4F58 /* ShipCoordState.swift */,
				98AF8D071CA0B50800B80F53 /* WhosTurn.swift */,
				98AF8D091CA0B5F000B80F53 /* GridState.swift */,
				98969C0B1CA5B9A10049498A /* GameList.swift */,
				9879245A1CB1B79300BAC3B2 /* Network.swift */,
			);
			name = Model;
			sourceTree = "<group>";
		};
/* End PBXGroup section */

/* Begin PBXNativeTarget section */
		F221B5361C98B11300379E55 /* battleship */ = {
			isa = PBXNativeTarget;
			buildConfigurationList = F221B5491C98B11300379E55 /* Build configuration list for PBXNativeTarget "battleship" */;
			buildPhases = (
				F221B5331C98B11300379E55 /* Sources */,
				F221B5341C98B11300379E55 /* Frameworks */,
				F221B5351C98B11300379E55 /* Resources */,
			);
			buildRules = (
			);
			dependencies = (
			);
			name = battleship;
			productName = battleship;
			productReference = F221B5371C98B11300379E55 /* battleship.app */;
			productType = "com.apple.product-type.application";
		};
/* End PBXNativeTarget section */

/* Begin PBXProject section */
		F221B52F1C98B11300379E55 /* Project object */ = {
			isa = PBXProject;
			attributes = {
				LastSwiftUpdateCheck = 0720;
				LastUpgradeCheck = 0720;
				ORGANIZATIONNAME = u0655487;
				TargetAttributes = {
					F221B5361C98B11300379E55 = {
						CreatedOnToolsVersion = 7.2.1;
					};
				};
			};
			buildConfigurationList = F221B5321C98B11300379E55 /* Build configuration list for PBXProject "battleship" */;
			compatibilityVersion = "Xcode 3.2";
			developmentRegion = English;
			hasScannedForEncodings = 0;
			knownRegions = (
				en,
				Base,
			);
			mainGroup = F221B52E1C98B11300379E55;
			productRefGroup = F221B5381C98B11300379E55 /* Products */;
			projectDirPath = "";
			projectRoot = "";
			targets = (
				F221B5361C98B11300379E55 /* battleship */,
			);
		};
/* End PBXProject section */

/* Begin PBXResourcesBuildPhase section */
		F221B5351C98B11300379E55 /* Resources */ = {
			isa = PBXResourcesBuildPhase;
			buildActionMask = 2147483647;
			files = (
				F221B5421C98B11300379E55 /* Assets.xcassets in Resources */,
				98AF8D0C1CA0B7A800B80F53 /* Default-568h@2x.png in Resources */,
			);
			runOnlyForDeploymentPostprocessing = 0;
		};
/* End PBXResourcesBuildPhase section */

/* Begin PBXSourcesBuildPhase section */
		F221B5331C98B11300379E55 /* Sources */ = {
			isa = PBXSourcesBuildPhase;
			buildActionMask = 2147483647;
			files = (
				987D4AE11C9E4974007C4F58 /* Coordinate.swift in Sources */,
				987924591CB1B72E00BAC3B2 /* NetworkController.swift in Sources */,
				98AF8D0A1CA0B5F000B80F53 /* GridState.swift in Sources */,
				98AF8D0E1CA0F45900B80F53 /* GameCell.swift in Sources */,
				98CD0BEA1C9F7B9C0084DD5F /* GameView.swift in Sources */,
				F221B5521C98B67800379E55 /* Player.swift in Sources */,
				F221B53D1C98B11300379E55 /* ViewController.swift in Sources */,
				987D4AE31C9E4A0E007C4F58 /* ShipCoordState.swift in Sources */,
				F221B5501C98B1CB00379E55 /* Game.swift in Sources */,
				F221B53B1C98B11300379E55 /* AppDelegate.swift in Sources */,
				9879245B1CB1B79300BAC3B2 /* Network.swift in Sources */,
				983F38821CACBD4700D23BB7 /* GameListController.swift in Sources */,
				98F7962A1C9FB7B9001D7208 /* GameViewController.swift in Sources */,
				9872707B1CA5042E00D09DAF /* NotificationController.swift in Sources */,
				98109D1D1CAC522600BBE938 /* GameListView.swift in Sources */,
				987D4ADD1C9E17F0007C4F58 /* Ship.swift in Sources */,
				987D4ADF1C9E494B007C4F58 /* Direction.swift in Sources */,
				98AF8D081CA0B50800B80F53 /* WhosTurn.swift in Sources */,
				9872707D1CA50BDE00D09DAF /* NotificationView.swift in Sources */,
				98969C0C1CA5B9A10049498A /* GameList.swift in Sources */,
			);
			runOnlyForDeploymentPostprocessing = 0;
		};
/* End PBXSourcesBuildPhase section */

/* Begin XCBuildConfiguration section */
		F221B5471C98B11300379E55 /* Debug */ = {
			isa = XCBuildConfiguration;
			buildSettings = {
				ALWAYS_SEARCH_USER_PATHS = NO;
				CLANG_CXX_LANGUAGE_STANDARD = "gnu++0x";
				CLANG_CXX_LIBRARY = "libc++";
				CLANG_ENABLE_MODULES = YES;
				CLANG_ENABLE_OBJC_ARC = YES;
				CLANG_WARN_BOOL_CONVERSION = YES;
				CLANG_WARN_CONSTANT_CONVERSION = YES;
				CLANG_WARN_DIRECT_OBJC_ISA_USAGE = YES_ERROR;
				CLANG_WARN_EMPTY_BODY = YES;
				CLANG_WARN_ENUM_CONVERSION = YES;
				CLANG_WARN_INT_CONVERSION = YES;
				CLANG_WARN_OBJC_ROOT_CLASS = YES_ERROR;
				CLANG_WARN_UNREACHABLE_CODE = YES;
				CLANG_WARN__DUPLICATE_METHOD_MATCH = YES;
				"CODE_SIGN_IDENTITY[sdk=iphoneos*]" = "iPhone Developer";
				COPY_PHASE_STRIP = NO;
				DEBUG_INFORMATION_FORMAT = dwarf;
				ENABLE_STRICT_OBJC_MSGSEND = YES;
				ENABLE_TESTABILITY = YES;
				GCC_C_LANGUAGE_STANDARD = gnu99;
				GCC_DYNAMIC_NO_PIC = NO;
				GCC_NO_COMMON_BLOCKS = YES;
				GCC_OPTIMIZATION_LEVEL = 0;
				GCC_PREPROCESSOR_DEFINITIONS = (
					"DEBUG=1",
					"$(inherited)",
				);
				GCC_WARN_64_TO_32_BIT_CONVERSION = YES;
				GCC_WARN_ABOUT_RETURN_TYPE = YES_ERROR;
				GCC_WARN_UNDECLARED_SELECTOR = YES;
				GCC_WARN_UNINITIALIZED_AUTOS = YES_AGGRESSIVE;
				GCC_WARN_UNUSED_FUNCTION = YES;
				GCC_WARN_UNUSED_VARIABLE = YES;
				IPHONEOS_DEPLOYMENT_TARGET = 9.2;
				MTL_ENABLE_DEBUG_INFO = YES;
				ONLY_ACTIVE_ARCH = YES;
				SDKROOT = iphoneos;
				SWIFT_OPTIMIZATION_LEVEL = "-Onone";
				TARGETED_DEVICE_FAMILY = "1,2";
			};
			name = Debug;
		};
		F221B5481C98B11300379E55 /* Release */ = {
			isa = XCBuildConfiguration;
			buildSettings = {
				ALWAYS_SEARCH_USER_PATHS = NO;
				CLANG_CXX_LANGUAGE_STANDARD = "gnu++0x";
				CLANG_CXX_LIBRARY = "libc++";
				CLANG_ENABLE_MODULES = YES;
				CLANG_ENABLE_OBJC_ARC = YES;
				CLANG_WARN_BOOL_CONVERSION = YES;
				CLANG_WARN_CONSTANT_CONVERSION = YES;
				CLANG_WARN_DIRECT_OBJC_ISA_USAGE = YES_ERROR;
				CLANG_WARN_EMPTY_BODY = YES;
				CLANG_WARN_ENUM_CONVERSION = YES;
				CLANG_WARN_INT_CONVERSION = YES;
				CLANG_WARN_OBJC_ROOT_CLASS = YES_ERROR;
				CLANG_WARN_UNREACHABLE_CODE = YES;
				CLANG_WARN__DUPLICATE_METHOD_MATCH = YES;
				"CODE_SIGN_IDENTITY[sdk=iphoneos*]" = "iPhone Developer";
				COPY_PHASE_STRIP = NO;
				DEBUG_INFORMATION_FORMAT = "dwarf-with-dsym";
				ENABLE_NS_ASSERTIONS = NO;
				ENABLE_STRICT_OBJC_MSGSEND = YES;
				GCC_C_LANGUAGE_STANDARD = gnu99;
				GCC_NO_COMMON_BLOCKS = YES;
				GCC_WARN_64_TO_32_BIT_CONVERSION = YES;
				GCC_WARN_ABOUT_RETURN_TYPE = YES_ERROR;
				GCC_WARN_UNDECLARED_SELECTOR = YES;
				GCC_WARN_UNINITIALIZED_AUTOS = YES_AGGRESSIVE;
				GCC_WARN_UNUSED_FUNCTION = YES;
				GCC_WARN_UNUSED_VARIABLE = YES;
				IPHONEOS_DEPLOYMENT_TARGET = 9.2;
				MTL_ENABLE_DEBUG_INFO = NO;
				SDKROOT = iphoneos;
				TARGETED_DEVICE_FAMILY = "1,2";
				VALIDATE_PRODUCT = YES;
			};
			name = Release;
		};
		F221B54A1C98B11300379E55 /* Debug */ = {
			isa = XCBuildConfiguration;
			buildSettings = {
				ASSETCATALOG_COMPILER_APPICON_NAME = AppIcon;
				INFOPLIST_FILE = battleship/Info.plist;
				LD_RUNPATH_SEARCH_PATHS = "$(inherited) @executable_path/Frameworks";
				PRODUCT_BUNDLE_IDENTIFIER = edu.utah.u0655487.battleship;
				PRODUCT_NAME = "$(TARGET_NAME)";
			};
			name = Debug;
		};
		F221B54B1C98B11300379E55 /* Release */ = {
			isa = XCBuildConfiguration;
			buildSettings = {
				ASSETCATALOG_COMPILER_APPICON_NAME = AppIcon;
				INFOPLIST_FILE = battleship/Info.plist;
				LD_RUNPATH_SEARCH_PATHS = "$(inherited) @executable_path/Frameworks";
				PRODUCT_BUNDLE_IDENTIFIER = edu.utah.u0655487.battleship;
				PRODUCT_NAME = "$(TARGET_NAME)";
			};
			name = Release;
		};
/* End XCBuildConfiguration section */

/* Begin XCConfigurationList section */
		F221B5321C98B11300379E55 /* Build configuration list for PBXProject "battleship" */ = {
			isa = XCConfigurationList;
			buildConfigurations = (
				F221B5471C98B11300379E55 /* Debug */,
				F221B5481C98B11300379E55 /* Release */,
			);
			defaultConfigurationIsVisible = 0;
			defaultConfigurationName = Release;
		};
		F221B5491C98B11300379E55 /* Build configuration list for PBXNativeTarget "battleship" */ = {
			isa = XCConfigurationList;
			buildConfigurations = (
				F221B54A1C98B11300379E55 /* Debug */,
				F221B54B1C98B11300379E55 /* Release */,
			);
			defaultConfigurationIsVisible = 0;
			defaultConfigurationName = Release;
		};
/* End XCConfigurationList section */
	};
	rootObject = F221B52F1C98B11300379E55 /* Project object */;
}
